
Microsoft Visual Studio Solution File, Format Version 12.00
# Visual Studio Version 17
VisualStudioVersion = 17.5.33516.290
MinimumVisualStudioVersion = 10.0.40219.1
Project("{9A19103F-16F7-4668-BE54-9A1E7A4F7556}") = "Entities", "Entities\Entities.csproj", "{9FC1A3E9-5E41-4B47-B4B1-937BB7514BEB}"
EndProject
Project("{9A19103F-16F7-4668-BE54-9A1E7A4F7556}") = "Dal", "Dal\Dal.csproj", "{DB1564E5-683F-42D8-A649-9F0DDF59946C}"
EndProject
Project("{9A19103F-16F7-4668-BE54-9A1E7A4F7556}") = "BL", "BL\BL.csproj", "{97D13E69-90D6-4B24-BD32-40FDC0A2E7AD}"
EndProject
Project("{9A19103F-16F7-4668-BE54-9A1E7A4F7556}") = "TestProject", "TestProject\TestProject.csproj", "{5C91F4E6-7852-4BDA-9E5E-26EDDEDEFC38}"
EndProject
Project("{FAE04EC0-301F-11D3-BF4B-00C04F79EFBC}") = "TestProjectWithMock", "TestProjectWithMock\TestProjectWithMock.csproj", "{AC8EA395-6971-4D49-B124-E233919261CA}"
EndProject
Global
	GlobalSection(SolutionConfigurationPlatforms) = preSolution
		Debug|Any CPU = Debug|Any CPU
		Release|Any CPU = Release|Any CPU
	EndGlobalSection
	GlobalSection(ProjectConfigurationPlatforms) = postSolution
		{9FC1A3E9-5E41-4B47-B4B1-937BB7514BEB}.Debug|Any CPU.ActiveCfg = Debug|Any CPU
		{9FC1A3E9-5E41-4B47-B4B1-937BB7514BEB}.Debug|Any CPU.Build.0 = Debug|Any CPU
		{9FC1A3E9-5E41-4B47-B4B1-937BB7514BEB}.Release|Any CPU.ActiveCfg = Release|Any CPU
		{9FC1A3E9-5E41-4B47-B4B1-937BB7514BEB}.Release|Any CPU.Build.0 = Release|Any CPU
		{DB1564E5-683F-42D8-A649-9F0DDF59946C}.Debug|Any CPU.ActiveCfg = Debug|Any CPU
		{DB1564E5-683F-42D8-A649-9F0DDF59946C}.Debug|Any CPU.Build.0 = Debug|Any CPU
		{DB1564E5-683F-42D8-A649-9F0DDF59946C}.Release|Any CPU.ActiveCfg = Release|Any CPU
		{DB1564E5-683F-42D8-A649-9F0DDF59946C}.Release|Any CPU.Build.0 = Release|Any CPU
		{97D13E69-90D6-4B24-BD32-40FDC0A2E7AD}.Debug|Any CPU.ActiveCfg = Debug|Any CPU
		{97D13E69-90D6-4B24-BD32-40FDC0A2E7AD}.Debug|Any CPU.Build.0 = Debug|Any CPU
		{97D13E69-90D6-4B24-BD32-40FDC0A2E7AD}.Release|Any CPU.ActiveCfg = Release|Any CPU
		{97D13E69-90D6-4B24-BD32-40FDC0A2E7AD}.Release|Any CPU.Build.0 = Release|Any CPU
		{5C91F4E6-7852-4BDA-9E5E-26EDDEDEFC38}.Debug|Any CPU.ActiveCfg = Debug|Any CPU
		{5C91F4E6-7852-4BDA-9E5E-26EDDEDEFC38}.Debug|Any CPU.Build.0 = Debug|Any CPU
		{5C91F4E6-7852-4BDA-9E5E-26EDDEDEFC38}.Release|Any CPU.ActiveCfg = Release|Any CPU
		{5C91F4E6-7852-4BDA-9E5E-26EDDEDEFC38}.Release|Any CPU.Build.0 = Release|Any CPU
		{AC8EA395-6971-4D49-B124-E233919261CA}.Debug|Any CPU.ActiveCfg = Debug|Any CPU
		{AC8EA395-6971-4D49-B124-E233919261CA}.Debug|Any CPU.Build.0 = Debug|Any CPU
		{AC8EA395-6971-4D49-B124-E233919261CA}.Release|Any CPU.ActiveCfg = Release|Any CPU
		{AC8EA395-6971-4D49-B124-E233919261CA}.Release|Any CPU.Build.0 = Release|Any CPU
	EndGlobalSection
	GlobalSection(SolutionProperties) = preSolution
		HideSolutionNode = FALSE
	EndGlobalSection
	GlobalSection(ExtensibilityGlobals) = postSolution
		SolutionGuid = {86A40D16-9EF1-4A3E-80BB-4F7D420365EA}
	EndGlobalSection
EndGlobal
